
Microsoft Visual Studio Solution File, Format Version 12.00
# Visual Studio Version 17
VisualStudioVersion = 17.5.002.0
MinimumVisualStudioVersion = 10.0.40219.1
Project("{2150E333-8FDC-42A3-9474-1A3956D46DE8}") = "csharp-prep", "csharp-prep", "{0A5E4411-97CE-42E6-AC30-EFACE23A83BA}"
EndProject
Project("{9A19103F-16F7-4668-BE54-9A1E7A4F7556}") = "Prep1", "csharp-prep\Prep1\Prep1.csproj", "{E99223E2-D521-42B6-9D06-437F00242811}"
EndProject
Project("{9A19103F-16F7-4668-BE54-9A1E7A4F7556}") = "Prep2", "csharp-prep\Prep2\Prep2.csproj", "{87397E05-25E4-4E7F-8AFB-39CB967CFED7}"
EndProject
Project("{9A19103F-16F7-4668-BE54-9A1E7A4F7556}") = "Prep3", "csharp-prep\Prep3\Prep3.csproj", "{90570821-7EC2-4809-B068-2E95F8429DE5}"
EndProject
Project("{9A19103F-16F7-4668-BE54-9A1E7A4F7556}") = "Prep4", "csharp-prep\Prep4\Prep4.csproj", "{8B58CA12-083F-4EBA-9B4F-2D3E0452B3F0}"
EndProject
Project("{9A19103F-16F7-4668-BE54-9A1E7A4F7556}") = "Prep5", "csharp-prep\Prep5\Prep5.csproj", "{BC572971-79F7-46EA-8CB1-8621578E5E6F}"
EndProject
Project("{2150E333-8FDC-42A3-9474-1A3956D46DE8}") = "final", "final", "{CBD72D72-3EC7-4B7A-BC3F-73260E73F7DD}"
EndProject
Project("{9A19103F-16F7-4668-BE54-9A1E7A4F7556}") = "FinalProject", "final\FinalProject\FinalProject.csproj", "{52B7FBA2-BE04-4A55-8473-E2D26D7DF45D}"
EndProject
Project("{9A19103F-16F7-4668-BE54-9A1E7A4F7556}") = "Foundation1", "final\Foundation1\Foundation1.csproj", "{8179AFC6-F773-4E56-9A22-5D89C9236F38}"
EndProject
Project("{9A19103F-16F7-4668-BE54-9A1E7A4F7556}") = "Foundation2", "final\Foundation2\Foundation2.csproj", "{6166A17D-0A77-465C-B450-04AE01B9F868}"
EndProject
Project("{9A19103F-16F7-4668-BE54-9A1E7A4F7556}") = "Foundation3", "final\Foundation3\Foundation3.csproj", "{A9AFFF2E-F1A5-48BE-8029-3BF0FEE3BD4F}"
EndProject
Project("{9A19103F-16F7-4668-BE54-9A1E7A4F7556}") = "Foundation4", "final\Foundation4\Foundation4.csproj", "{C4A57A58-6FB9-4270-9280-BB9E4F8F2C2A}"
EndProject
Project("{2150E333-8FDC-42A3-9474-1A3956D46DE8}") = "prepare", "prepare", "{F8BA31C9-5183-477A-9220-A10795A3571C}"
EndProject
Project("{9A19103F-16F7-4668-BE54-9A1E7A4F7556}") = "Learning02", "prepare\Learning02\Learning02.csproj", "{F46C9BEF-0637-4411-A128-2B2BD06D9F42}"
EndProject
Project("{9A19103F-16F7-4668-BE54-9A1E7A4F7556}") = "Learning03", "prepare\Learning03\Learning03.csproj", "{5148DFBE-A5C8-4EF0-87B3-67E0D08887A7}"
EndProject
Project("{9A19103F-16F7-4668-BE54-9A1E7A4F7556}") = "Learning04", "prepare\Learning04\Learning04.csproj", "{8D1711DD-2982-4D81-A570-9EDF3E3BB920}"
EndProject
Project("{9A19103F-16F7-4668-BE54-9A1E7A4F7556}") = "Learning05", "prepare\Learning05\Learning05.csproj", "{98EC7B29-738D-406F-B9CB-6369C0FF7B1F}"
EndProject
Project("{2150E333-8FDC-42A3-9474-1A3956D46DE8}") = "prove", "prove", "{E44D3333-916E-4A4F-8C2E-C2CF1B0F5B31}"
EndProject
Project("{9A19103F-16F7-4668-BE54-9A1E7A4F7556}") = "Develop02", "prove\Develop02\Develop02.csproj", "{C0A384C1-98FC-43E0-AAB6-A0B877FD496F}"
EndProject
Project("{9A19103F-16F7-4668-BE54-9A1E7A4F7556}") = "Develop03", "prove\Develop03\Develop03.csproj", "{67343CC3-C444-42AF-846D-8507B408C889}"
EndProject
Project("{9A19103F-16F7-4668-BE54-9A1E7A4F7556}") = "Develop04", "prove\Develop04\Develop04.csproj", "{59FC2452-F6F4-47CE-93A3-C950DC39D0A2}"
EndProject
Project("{9A19103F-16F7-4668-BE54-9A1E7A4F7556}") = "Develop05", "prove\Develop05\Develop05.csproj", "{C29BB7C1-CB4C-4785-80BC-98BE9A1786B1}"
EndProject
Project("{2150E333-8FDC-42A3-9474-1A3956D46DE8}") = "sandbox", "sandbox", "{61D71ED7-E999-418D-A0AB-BC4D33B9F300}"
EndProject
Project("{9A19103F-16F7-4668-BE54-9A1E7A4F7556}") = "Sandbox", "sandbox\Sandbox\Sandbox.csproj", "{96912833-1322-4AAB-80FD-199566791DFF}"
EndProject
Global
	GlobalSection(SolutionConfigurationPlatforms) = preSolution
		Debug|Any CPU = Debug|Any CPU
		Release|Any CPU = Release|Any CPU
	EndGlobalSection
	GlobalSection(ProjectConfigurationPlatforms) = postSolution
		{E99223E2-D521-42B6-9D06-437F00242811}.Debug|Any CPU.ActiveCfg = Debug|Any CPU
		{E99223E2-D521-42B6-9D06-437F00242811}.Debug|Any CPU.Build.0 = Debug|Any CPU
		{E99223E2-D521-42B6-9D06-437F00242811}.Release|Any CPU.ActiveCfg = Release|Any CPU
		{E99223E2-D521-42B6-9D06-437F00242811}.Release|Any CPU.Build.0 = Release|Any CPU
		{87397E05-25E4-4E7F-8AFB-39CB967CFED7}.Debug|Any CPU.ActiveCfg = Debug|Any CPU
		{87397E05-25E4-4E7F-8AFB-39CB967CFED7}.Debug|Any CPU.Build.0 = Debug|Any CPU
		{87397E05-25E4-4E7F-8AFB-39CB967CFED7}.Release|Any CPU.ActiveCfg = Release|Any CPU
		{87397E05-25E4-4E7F-8AFB-39CB967CFED7}.Release|Any CPU.Build.0 = Release|Any CPU
		{90570821-7EC2-4809-B068-2E95F8429DE5}.Debug|Any CPU.ActiveCfg = Debug|Any CPU
		{90570821-7EC2-4809-B068-2E95F8429DE5}.Debug|Any CPU.Build.0 = Debug|Any CPU
		{90570821-7EC2-4809-B068-2E95F8429DE5}.Release|Any CPU.ActiveCfg = Release|Any CPU
		{90570821-7EC2-4809-B068-2E95F8429DE5}.Release|Any CPU.Build.0 = Release|Any CPU
		{8B58CA12-083F-4EBA-9B4F-2D3E0452B3F0}.Debug|Any CPU.ActiveCfg = Debug|Any CPU
		{8B58CA12-083F-4EBA-9B4F-2D3E0452B3F0}.Debug|Any CPU.Build.0 = Debug|Any CPU
		{8B58CA12-083F-4EBA-9B4F-2D3E0452B3F0}.Release|Any CPU.ActiveCfg = Release|Any CPU
		{8B58CA12-083F-4EBA-9B4F-2D3E0452B3F0}.Release|Any CPU.Build.0 = Release|Any CPU
		{BC572971-79F7-46EA-8CB1-8621578E5E6F}.Debug|Any CPU.ActiveCfg = Debug|Any CPU
		{BC572971-79F7-46EA-8CB1-8621578E5E6F}.Debug|Any CPU.Build.0 = Debug|Any CPU
		{BC572971-79F7-46EA-8CB1-8621578E5E6F}.Release|Any CPU.ActiveCfg = Release|Any CPU
		{BC572971-79F7-46EA-8CB1-8621578E5E6F}.Release|Any CPU.Build.0 = Release|Any CPU
		{52B7FBA2-BE04-4A55-8473-E2D26D7DF45D}.Debug|Any CPU.ActiveCfg = Debug|Any CPU
		{52B7FBA2-BE04-4A55-8473-E2D26D7DF45D}.Debug|Any CPU.Build.0 = Debug|Any CPU
		{52B7FBA2-BE04-4A55-8473-E2D26D7DF45D}.Release|Any CPU.ActiveCfg = Release|Any CPU
		{52B7FBA2-BE04-4A55-8473-E2D26D7DF45D}.Release|Any CPU.Build.0 = Release|Any CPU
		{8179AFC6-F773-4E56-9A22-5D89C9236F38}.Debug|Any CPU.ActiveCfg = Debug|Any CPU
		{8179AFC6-F773-4E56-9A22-5D89C9236F38}.Debug|Any CPU.Build.0 = Debug|Any CPU
		{8179AFC6-F773-4E56-9A22-5D89C9236F38}.Release|Any CPU.ActiveCfg = Release|Any CPU
		{8179AFC6-F773-4E56-9A22-5D89C9236F38}.Release|Any CPU.Build.0 = Release|Any CPU
		{6166A17D-0A77-465C-B450-04AE01B9F868}.Debug|Any CPU.ActiveCfg = Debug|Any CPU
		{6166A17D-0A77-465C-B450-04AE01B9F868}.Debug|Any CPU.Build.0 = Debug|Any CPU
		{6166A17D-0A77-465C-B450-04AE01B9F868}.Release|Any CPU.ActiveCfg = Release|Any CPU
		{6166A17D-0A77-465C-B450-04AE01B9F868}.Release|Any CPU.Build.0 = Release|Any CPU
		{A9AFFF2E-F1A5-48BE-8029-3BF0FEE3BD4F}.Debug|Any CPU.ActiveCfg = Debug|Any CPU
		{A9AFFF2E-F1A5-48BE-8029-3BF0FEE3BD4F}.Debug|Any CPU.Build.0 = Debug|Any CPU
		{A9AFFF2E-F1A5-48BE-8029-3BF0FEE3BD4F}.Release|Any CPU.ActiveCfg = Release|Any CPU
		{A9AFFF2E-F1A5-48BE-8029-3BF0FEE3BD4F}.Release|Any CPU.Build.0 = Release|Any CPU
		{C4A57A58-6FB9-4270-9280-BB9E4F8F2C2A}.Debug|Any CPU.ActiveCfg = Debug|Any CPU
		{C4A57A58-6FB9-4270-9280-BB9E4F8F2C2A}.Debug|Any CPU.Build.0 = Debug|Any CPU
		{C4A57A58-6FB9-4270-9280-BB9E4F8F2C2A}.Release|Any CPU.ActiveCfg = Release|Any CPU
		{C4A57A58-6FB9-4270-9280-BB9E4F8F2C2A}.Release|Any CPU.Build.0 = Release|Any CPU
		{F46C9BEF-0637-4411-A128-2B2BD06D9F42}.Debug|Any CPU.ActiveCfg = Debug|Any CPU
		{F46C9BEF-0637-4411-A128-2B2BD06D9F42}.Debug|Any CPU.Build.0 = Debug|Any CPU
		{F46C9BEF-0637-4411-A128-2B2BD06D9F42}.Release|Any CPU.ActiveCfg = Release|Any CPU
		{F46C9BEF-0637-4411-A128-2B2BD06D9F42}.Release|Any CPU.Build.0 = Release|Any CPU
		{5148DFBE-A5C8-4EF0-87B3-67E0D08887A7}.Debug|Any CPU.ActiveCfg = Debug|Any CPU
		{5148DFBE-A5C8-4EF0-87B3-67E0D08887A7}.Debug|Any CPU.Build.0 = Debug|Any CPU
		{5148DFBE-A5C8-4EF0-87B3-67E0D08887A7}.Release|Any CPU.ActiveCfg = Release|Any CPU
		{5148DFBE-A5C8-4EF0-87B3-67E0D08887A7}.Release|Any CPU.Build.0 = Release|Any CPU
		{8D1711DD-2982-4D81-A570-9EDF3E3BB920}.Debug|Any CPU.ActiveCfg = Debug|Any CPU
		{8D1711DD-2982-4D81-A570-9EDF3E3BB920}.Debug|Any CPU.Build.0 = Debug|Any CPU
		{8D1711DD-2982-4D81-A570-9EDF3E3BB920}.Release|Any CPU.ActiveCfg = Release|Any CPU
		{8D1711DD-2982-4D81-A570-9EDF3E3BB920}.Release|Any CPU.Build.0 = Release|Any CPU
		{98EC7B29-738D-406F-B9CB-6369C0FF7B1F}.Debug|Any CPU.ActiveCfg = Debug|Any CPU
		{98EC7B29-738D-406F-B9CB-6369C0FF7B1F}.Debug|Any CPU.Build.0 = Debug|Any CPU
		{98EC7B29-738D-406F-B9CB-6369C0FF7B1F}.Release|Any CPU.ActiveCfg = Release|Any CPU
		{98EC7B29-738D-406F-B9CB-6369C0FF7B1F}.Release|Any CPU.Build.0 = Release|Any CPU
		{C0A384C1-98FC-43E0-AAB6-A0B877FD496F}.Debug|Any CPU.ActiveCfg = Debug|Any CPU
		{C0A384C1-98FC-43E0-AAB6-A0B877FD496F}.Debug|Any CPU.Build.0 = Debug|Any CPU
		{C0A384C1-98FC-43E0-AAB6-A0B877FD496F}.Release|Any CPU.ActiveCfg = Release|Any CPU
		{C0A384C1-98FC-43E0-AAB6-A0B877FD496F}.Release|Any CPU.Build.0 = Release|Any CPU
		{67343CC3-C444-42AF-846D-8507B408C889}.Debug|Any CPU.ActiveCfg = Debug|Any CPU
		{67343CC3-C444-42AF-846D-8507B408C889}.Debug|Any CPU.Build.0 = Debug|Any CPU
		{67343CC3-C444-42AF-846D-8507B408C889}.Release|Any CPU.ActiveCfg = Release|Any CPU
		{67343CC3-C444-42AF-846D-8507B408C889}.Release|Any CPU.Build.0 = Release|Any CPU
		{59FC2452-F6F4-47CE-93A3-C950DC39D0A2}.Debug|Any CPU.ActiveCfg = Debug|Any CPU
		{59FC2452-F6F4-47CE-93A3-C950DC39D0A2}.Debug|Any CPU.Build.0 = Debug|Any CPU
		{59FC2452-F6F4-47CE-93A3-C950DC39D0A2}.Release|Any CPU.ActiveCfg = Release|Any CPU
		{59FC2452-F6F4-47CE-93A3-C950DC39D0A2}.Release|Any CPU.Build.0 = Release|Any CPU
		{C29BB7C1-CB4C-4785-80BC-98BE9A1786B1}.Debug|Any CPU.ActiveCfg = Debug|Any CPU
		{C29BB7C1-CB4C-4785-80BC-98BE9A1786B1}.Debug|Any CPU.Build.0 = Debug|Any CPU
		{C29BB7C1-CB4C-4785-80BC-98BE9A1786B1}.Release|Any CPU.ActiveCfg = Release|Any CPU
		{C29BB7C1-CB4C-4785-80BC-98BE9A1786B1}.Release|Any CPU.Build.0 = Release|Any CPU
		{96912833-1322-4AAB-80FD-199566791DFF}.Debug|Any CPU.ActiveCfg = Debug|Any CPU
		{96912833-1322-4AAB-80FD-199566791DFF}.Debug|Any CPU.Build.0 = Debug|Any CPU
		{96912833-1322-4AAB-80FD-199566791DFF}.Release|Any CPU.ActiveCfg = Release|Any CPU
		{96912833-1322-4AAB-80FD-199566791DFF}.Release|Any CPU.Build.0 = Release|Any CPU
	EndGlobalSection
	GlobalSection(SolutionProperties) = preSolution
		HideSolutionNode = FALSE
	EndGlobalSection
	GlobalSection(NestedProjects) = preSolution
		{E99223E2-D521-42B6-9D06-437F00242811} = {0A5E4411-97CE-42E6-AC30-EFACE23A83BA}
		{87397E05-25E4-4E7F-8AFB-39CB967CFED7} = {0A5E4411-97CE-42E6-AC30-EFACE23A83BA}
		{90570821-7EC2-4809-B068-2E95F8429DE5} = {0A5E4411-97CE-42E6-AC30-EFACE23A83BA}
		{8B58CA12-083F-4EBA-9B4F-2D3E0452B3F0} = {0A5E4411-97CE-42E6-AC30-EFACE23A83BA}
		{BC572971-79F7-46EA-8CB1-8621578E5E6F} = {0A5E4411-97CE-42E6-AC30-EFACE23A83BA}
		{52B7FBA2-BE04-4A55-8473-E2D26D7DF45D} = {CBD72D72-3EC7-4B7A-BC3F-73260E73F7DD}
		{8179AFC6-F773-4E56-9A22-5D89C9236F38} = {CBD72D72-3EC7-4B7A-BC3F-73260E73F7DD}
		{6166A17D-0A77-465C-B450-04AE01B9F868} = {CBD72D72-3EC7-4B7A-BC3F-73260E73F7DD}
		{A9AFFF2E-F1A5-48BE-8029-3BF0FEE3BD4F} = {CBD72D72-3EC7-4B7A-BC3F-73260E73F7DD}
		{C4A57A58-6FB9-4270-9280-BB9E4F8F2C2A} = {CBD72D72-3EC7-4B7A-BC3F-73260E73F7DD}
		{F46C9BEF-0637-4411-A128-2B2BD06D9F42} = {F8BA31C9-5183-477A-9220-A10795A3571C}
		{5148DFBE-A5C8-4EF0-87B3-67E0D08887A7} = {F8BA31C9-5183-477A-9220-A10795A3571C}
		{8D1711DD-2982-4D81-A570-9EDF3E3BB920} = {F8BA31C9-5183-477A-9220-A10795A3571C}
		{98EC7B29-738D-406F-B9CB-6369C0FF7B1F} = {F8BA31C9-5183-477A-9220-A10795A3571C}
		{C0A384C1-98FC-43E0-AAB6-A0B877FD496F} = {E44D3333-916E-4A4F-8C2E-C2CF1B0F5B31}
		{67343CC3-C444-42AF-846D-8507B408C889} = {E44D3333-916E-4A4F-8C2E-C2CF1B0F5B31}
		{59FC2452-F6F4-47CE-93A3-C950DC39D0A2} = {E44D3333-916E-4A4F-8C2E-C2CF1B0F5B31}
		{C29BB7C1-CB4C-4785-80BC-98BE9A1786B1} = {E44D3333-916E-4A4F-8C2E-C2CF1B0F5B31}
		{96912833-1322-4AAB-80FD-199566791DFF} = {61D71ED7-E999-418D-A0AB-BC4D33B9F300}
	EndGlobalSection
	GlobalSection(ExtensibilityGlobals) = postSolution
		SolutionGuid = {70CB5608-10D7-487C-8347-9DBF9044DD3F}
	EndGlobalSection
EndGlobal
